<?xml version="1.0" encoding="utf-8"?>
<Project ToolsVersion="4.0" xmlns="http://schemas.microsoft.com/developer/msbuild/2003">
  <ItemGroup>
    <Filter Include="src">
      <UniqueIdentifier>{549410df-3305-4e2d-88e7-a123c32a39e3}</UniqueIdentifier>
    </Filter>
    <Filter Include="include">
      <UniqueIdentifier>{93995380-89BD-4b04-88EB-625FBE52EBFB}</UniqueIdentifier>
      <Extensions>h;hh;hpp;hxx;hm;inl;inc;ipp;xsd</Extensions>
    </Filter>
    <Filter Include="txt">
      <UniqueIdentifier>{676de29c-7a76-4268-ad6b-66b0c2520081}</UniqueIdentifier>
    </Filter>
  </ItemGroup>
  <ItemGroup>
    <Text Include="loadImage.txt" />
    <Text Include="debug.txt" />
    <Text Include="loadText.txt" />
    <Text Include="txt\yamato.txt">
      <Filter>txt</Filter>
    </Text>
    <Text Include="txt\takao.txt">
      <Filter>txt</Filter>
    </Text>
  </ItemGroup>
  <ItemGroup>
    <ClInclude Include="include\Action.h">
      <Filter>include</Filter>
    </ClInclude>
    <ClInclude Include="include\Controller.h">
      <Filter>include</Filter>
    </ClInclude>
    <ClInclude Include="include\Texture.h">
      <Filter>include</Filter>
    </ClInclude>
    <ClInclude Include="include\Thread.h">
      <Filter>include</Filter>
    </ClInclude>
    <ClInclude Include="include\UI.h">
      <Filter>include</Filter>
    </ClInclude>
    <ClInclude Include="include\Variable.h">
      <Filter>include</Filter>
    </ClInclude>
  </ItemGroup>
  <ItemGroup>
    <ClCompile Include="src\Action.cpp">
      <Filter>src</Filter>
    </ClCompile>
    <ClCompile Include="src\Controller.cpp">
      <Filter>src</Filter>
    </ClCompile>
    <ClCompile Include="src\Texture.cpp">
      <Filter>src</Filter>
    </ClCompile>
    <ClCompile Include="src\Thread.cpp">
      <Filter>src</Filter>
    </ClCompile>
    <ClCompile Include="src\Variable.cpp">
      <Filter>src</Filter>
    </ClCompile>
    <ClCompile Include="Main.cpp" />
    <ClCompile Include="src\UI.cpp">
      <Filter>src</Filter>
    </ClCompile>
  </ItemGroup>
</Project>